
Microsoft Visual Studio Solution File, Format Version 12.00
# Visual Studio Version 17
VisualStudioVersion = 17.8.34330.188
MinimumVisualStudioVersion = 10.0.40219.1
Project("{9A19103F-16F7-4668-BE54-9A1E7A4F7556}") = "Warehouse.Api", "Warehouse.Api\Warehouse.Api.csproj", "{7FC33815-8889-448E-9AEC-097EF16D9039}"
EndProject
Project("{9A19103F-16F7-4668-BE54-9A1E7A4F7556}") = "Warehouse.Application", "Warehouse.Application\Warehouse.Application.csproj", "{FC766B73-B41F-41F7-B470-412E021C1065}"
EndProject
Project("{9A19103F-16F7-4668-BE54-9A1E7A4F7556}") = "Warehouse.Domain", "Warehouse.Domain\Warehouse.Domain.csproj", "{C3641B87-FF1B-492F-9953-9441F59272D7}"
EndProject
Project("{9A19103F-16F7-4668-BE54-9A1E7A4F7556}") = "Warehouse.Infrastructure", "Warehouse.Infrastructure\Warehouse.Infrastructure.csproj", "{2AE387A2-21DB-4FC7-B0E0-54EBAC72AD99}"
EndProject
Project("{9A19103F-16F7-4668-BE54-9A1E7A4F7556}") = "Warehouse.Persistence.Abstractions", "Warehouse.Persistence.Abstractions\Warehouse.Persistence.Abstractions.csproj", "{51F38C9D-92B9-4D32-9271-B81146D47F06}"
EndProject
Project("{9A19103F-16F7-4668-BE54-9A1E7A4F7556}") = "Warehouse.Persistence.EF", "Warehouse.Persistence.EF\Warehouse.Persistence.EF.csproj", "{920E2CC4-B7E6-40B6-9598-557764257802}"
EndProject
Project("{9A19103F-16F7-4668-BE54-9A1E7A4F7556}") = "Warehouse.Tests", "Warehouse.Tests\Warehouse.Tests.csproj", "{58E7EFD1-4570-4A5C-A768-E655FD2C94C2}"
EndProject
Project("{E53339B2-1760-4266-BCC7-CA923CBCF16C}") = "docker-compose", "docker-compose.dcproj", "{DF466A33-4E3C-4457-903F-48DF51CE4E22}"
EndProject
Project("{2150E333-8FDC-42A3-9474-1A3956D46DE8}") = "src", "src", "{A1AC0452-304E-434B-8AD0-C6AA104BC91B}"
EndProject
Project("{2150E333-8FDC-42A3-9474-1A3956D46DE8}") = "Services", "Services", "{19261CA2-2B38-47C6-914E-E5D9E6B3457F}"
EndProject
Project("{2150E333-8FDC-42A3-9474-1A3956D46DE8}") = "Shops", "Shops", "{FFBC27FB-BE6E-4844-9584-1EF6E7C0B147}"
EndProject
Project("{2150E333-8FDC-42A3-9474-1A3956D46DE8}") = "Users", "Users", "{978AD6D1-26FE-4D4E-A65E-B3A8E8D30A66}"
EndProject
Project("{9A19103F-16F7-4668-BE54-9A1E7A4F7556}") = "UserManagementService.Api", "UserManagementService.Api\UserManagementService.Api.csproj", "{710A47B1-C6C3-4BF2-B7DE-5B03130AC32A}"
EndProject
Project("{9A19103F-16F7-4668-BE54-9A1E7A4F7556}") = "UserManagementService.Application", "UserManagementService.Application\UserManagementService.Application.csproj", "{EC73B58A-028B-4523-8587-6AAA55503328}"
EndProject
Project("{9A19103F-16F7-4668-BE54-9A1E7A4F7556}") = "UserManagementService.Domain", "UserManagementService.Domain\UserManagementService.Domain.csproj", "{BF1E55D4-BA9B-49D2-9950-70CBECE17A81}"
EndProject
Project("{9A19103F-16F7-4668-BE54-9A1E7A4F7556}") = "UserManagementService.Infrastructure", "UserManagementService.Infrastructure\UserManagementService.Infrastructure.csproj", "{3B2FA128-F6DD-46E5-BFBC-7044784CDE7A}"
EndProject
Project("{9A19103F-16F7-4668-BE54-9A1E7A4F7556}") = "UserManagementService.Persistence.EF", "UserManagementService.Persistence.EF\UserManagementService.Persistence.EF.csproj", "{FC6CE75F-B41C-43E7-AAA9-5C07AE485CC1}"
EndProject
Project("{9A19103F-16F7-4668-BE54-9A1E7A4F7556}") = "UserManagementService.Security", "UserManagementService.Security\UserManagementService.Security.csproj", "{1A94A996-1713-4F51-B38F-1E2E17D9884A}"
EndProject
Project("{9A19103F-16F7-4668-BE54-9A1E7A4F7556}") = "UserManagementService.Security.Redis", "UserManagementService.Security.Redis\UserManagementService.Security.Redis.csproj", "{A563DD2C-3D0B-4926-963D-0E90096F8B37}"
EndProject
Project("{2150E333-8FDC-42A3-9474-1A3956D46DE8}") = "Abstractions", "Abstractions", "{5179A855-5642-4ADD-B092-BC4CB53FBA86}"
EndProject
Project("{2150E333-8FDC-42A3-9474-1A3956D46DE8}") = "Tests", "Tests", "{1A37E3E1-61DE-4B82-B8B0-99469D7BE538}"
EndProject
Project("{2150E333-8FDC-42A3-9474-1A3956D46DE8}") = "ApiGateway", "ApiGateway", "{44438BA4-F377-4953-8314-8437F6615B4E}"
EndProject
Project("{9A19103F-16F7-4668-BE54-9A1E7A4F7556}") = "ApiGateway", "ApiGateway\ApiGateway.csproj", "{FC093F4C-7349-4F48-BB73-4A5740051C28}"
EndProject
Global
	GlobalSection(SolutionConfigurationPlatforms) = preSolution
		Debug|Any CPU = Debug|Any CPU
		Debug|x64 = Debug|x64
		Release|Any CPU = Release|Any CPU
		Release|x64 = Release|x64
	EndGlobalSection
	GlobalSection(ProjectConfigurationPlatforms) = postSolution
		{7FC33815-8889-448E-9AEC-097EF16D9039}.Debug|Any CPU.ActiveCfg = Debug|Any CPU
		{7FC33815-8889-448E-9AEC-097EF16D9039}.Debug|Any CPU.Build.0 = Debug|Any CPU
		{7FC33815-8889-448E-9AEC-097EF16D9039}.Debug|x64.ActiveCfg = Debug|Any CPU
		{7FC33815-8889-448E-9AEC-097EF16D9039}.Debug|x64.Build.0 = Debug|Any CPU
		{7FC33815-8889-448E-9AEC-097EF16D9039}.Release|Any CPU.ActiveCfg = Release|Any CPU
		{7FC33815-8889-448E-9AEC-097EF16D9039}.Release|Any CPU.Build.0 = Release|Any CPU
		{7FC33815-8889-448E-9AEC-097EF16D9039}.Release|x64.ActiveCfg = Release|Any CPU
		{7FC33815-8889-448E-9AEC-097EF16D9039}.Release|x64.Build.0 = Release|Any CPU
		{FC766B73-B41F-41F7-B470-412E021C1065}.Debug|Any CPU.ActiveCfg = Debug|Any CPU
		{FC766B73-B41F-41F7-B470-412E021C1065}.Debug|Any CPU.Build.0 = Debug|Any CPU
		{FC766B73-B41F-41F7-B470-412E021C1065}.Debug|x64.ActiveCfg = Debug|Any CPU
		{FC766B73-B41F-41F7-B470-412E021C1065}.Debug|x64.Build.0 = Debug|Any CPU
		{FC766B73-B41F-41F7-B470-412E021C1065}.Release|Any CPU.ActiveCfg = Release|Any CPU
		{FC766B73-B41F-41F7-B470-412E021C1065}.Release|Any CPU.Build.0 = Release|Any CPU
		{FC766B73-B41F-41F7-B470-412E021C1065}.Release|x64.ActiveCfg = Release|Any CPU
		{FC766B73-B41F-41F7-B470-412E021C1065}.Release|x64.Build.0 = Release|Any CPU
		{C3641B87-FF1B-492F-9953-9441F59272D7}.Debug|Any CPU.ActiveCfg = Debug|Any CPU
		{C3641B87-FF1B-492F-9953-9441F59272D7}.Debug|Any CPU.Build.0 = Debug|Any CPU
		{C3641B87-FF1B-492F-9953-9441F59272D7}.Debug|x64.ActiveCfg = Debug|Any CPU
		{C3641B87-FF1B-492F-9953-9441F59272D7}.Debug|x64.Build.0 = Debug|Any CPU
		{C3641B87-FF1B-492F-9953-9441F59272D7}.Release|Any CPU.ActiveCfg = Release|Any CPU
		{C3641B87-FF1B-492F-9953-9441F59272D7}.Release|Any CPU.Build.0 = Release|Any CPU
		{C3641B87-FF1B-492F-9953-9441F59272D7}.Release|x64.ActiveCfg = Release|Any CPU
		{C3641B87-FF1B-492F-9953-9441F59272D7}.Release|x64.Build.0 = Release|Any CPU
		{2AE387A2-21DB-4FC7-B0E0-54EBAC72AD99}.Debug|Any CPU.ActiveCfg = Debug|Any CPU
		{2AE387A2-21DB-4FC7-B0E0-54EBAC72AD99}.Debug|Any CPU.Build.0 = Debug|Any CPU
		{2AE387A2-21DB-4FC7-B0E0-54EBAC72AD99}.Debug|x64.ActiveCfg = Debug|Any CPU
		{2AE387A2-21DB-4FC7-B0E0-54EBAC72AD99}.Debug|x64.Build.0 = Debug|Any CPU
		{2AE387A2-21DB-4FC7-B0E0-54EBAC72AD99}.Release|Any CPU.ActiveCfg = Release|Any CPU
		{2AE387A2-21DB-4FC7-B0E0-54EBAC72AD99}.Release|Any CPU.Build.0 = Release|Any CPU
		{2AE387A2-21DB-4FC7-B0E0-54EBAC72AD99}.Release|x64.ActiveCfg = Release|Any CPU
		{2AE387A2-21DB-4FC7-B0E0-54EBAC72AD99}.Release|x64.Build.0 = Release|Any CPU
		{51F38C9D-92B9-4D32-9271-B81146D47F06}.Debug|Any CPU.ActiveCfg = Debug|Any CPU
		{51F38C9D-92B9-4D32-9271-B81146D47F06}.Debug|Any CPU.Build.0 = Debug|Any CPU
		{51F38C9D-92B9-4D32-9271-B81146D47F06}.Debug|x64.ActiveCfg = Debug|Any CPU
		{51F38C9D-92B9-4D32-9271-B81146D47F06}.Debug|x64.Build.0 = Debug|Any CPU
		{51F38C9D-92B9-4D32-9271-B81146D47F06}.Release|Any CPU.ActiveCfg = Release|Any CPU
		{51F38C9D-92B9-4D32-9271-B81146D47F06}.Release|Any CPU.Build.0 = Release|Any CPU
		{51F38C9D-92B9-4D32-9271-B81146D47F06}.Release|x64.ActiveCfg = Release|Any CPU
		{51F38C9D-92B9-4D32-9271-B81146D47F06}.Release|x64.Build.0 = Release|Any CPU
		{920E2CC4-B7E6-40B6-9598-557764257802}.Debug|Any CPU.ActiveCfg = Debug|Any CPU
		{920E2CC4-B7E6-40B6-9598-557764257802}.Debug|Any CPU.Build.0 = Debug|Any CPU
		{920E2CC4-B7E6-40B6-9598-557764257802}.Debug|x64.ActiveCfg = Debug|Any CPU
		{920E2CC4-B7E6-40B6-9598-557764257802}.Debug|x64.Build.0 = Debug|Any CPU
		{920E2CC4-B7E6-40B6-9598-557764257802}.Release|Any CPU.ActiveCfg = Release|Any CPU
		{920E2CC4-B7E6-40B6-9598-557764257802}.Release|Any CPU.Build.0 = Release|Any CPU
		{920E2CC4-B7E6-40B6-9598-557764257802}.Release|x64.ActiveCfg = Release|Any CPU
		{920E2CC4-B7E6-40B6-9598-557764257802}.Release|x64.Build.0 = Release|Any CPU
		{58E7EFD1-4570-4A5C-A768-E655FD2C94C2}.Debug|Any CPU.ActiveCfg = Debug|Any CPU
		{58E7EFD1-4570-4A5C-A768-E655FD2C94C2}.Debug|Any CPU.Build.0 = Debug|Any CPU
		{58E7EFD1-4570-4A5C-A768-E655FD2C94C2}.Debug|x64.ActiveCfg = Debug|Any CPU
		{58E7EFD1-4570-4A5C-A768-E655FD2C94C2}.Debug|x64.Build.0 = Debug|Any CPU
		{58E7EFD1-4570-4A5C-A768-E655FD2C94C2}.Release|Any CPU.ActiveCfg = Release|Any CPU
		{58E7EFD1-4570-4A5C-A768-E655FD2C94C2}.Release|Any CPU.Build.0 = Release|Any CPU
		{58E7EFD1-4570-4A5C-A768-E655FD2C94C2}.Release|x64.ActiveCfg = Release|Any CPU
		{58E7EFD1-4570-4A5C-A768-E655FD2C94C2}.Release|x64.Build.0 = Release|Any CPU
		{DF466A33-4E3C-4457-903F-48DF51CE4E22}.Debug|Any CPU.ActiveCfg = Debug|Any CPU
		{DF466A33-4E3C-4457-903F-48DF51CE4E22}.Debug|Any CPU.Build.0 = Debug|Any CPU
		{DF466A33-4E3C-4457-903F-48DF51CE4E22}.Debug|x64.ActiveCfg = Debug|Any CPU
		{DF466A33-4E3C-4457-903F-48DF51CE4E22}.Debug|x64.Build.0 = Debug|Any CPU
		{DF466A33-4E3C-4457-903F-48DF51CE4E22}.Release|Any CPU.ActiveCfg = Release|Any CPU
		{DF466A33-4E3C-4457-903F-48DF51CE4E22}.Release|Any CPU.Build.0 = Release|Any CPU
		{DF466A33-4E3C-4457-903F-48DF51CE4E22}.Release|x64.ActiveCfg = Release|Any CPU
		{DF466A33-4E3C-4457-903F-48DF51CE4E22}.Release|x64.Build.0 = Release|Any CPU
		{710A47B1-C6C3-4BF2-B7DE-5B03130AC32A}.Debug|Any CPU.ActiveCfg = Debug|Any CPU
		{710A47B1-C6C3-4BF2-B7DE-5B03130AC32A}.Debug|Any CPU.Build.0 = Debug|Any CPU
		{710A47B1-C6C3-4BF2-B7DE-5B03130AC32A}.Debug|x64.ActiveCfg = Debug|Any CPU
		{710A47B1-C6C3-4BF2-B7DE-5B03130AC32A}.Debug|x64.Build.0 = Debug|Any CPU
		{710A47B1-C6C3-4BF2-B7DE-5B03130AC32A}.Release|Any CPU.ActiveCfg = Release|Any CPU
		{710A47B1-C6C3-4BF2-B7DE-5B03130AC32A}.Release|Any CPU.Build.0 = Release|Any CPU
		{710A47B1-C6C3-4BF2-B7DE-5B03130AC32A}.Release|x64.ActiveCfg = Release|Any CPU
		{710A47B1-C6C3-4BF2-B7DE-5B03130AC32A}.Release|x64.Build.0 = Release|Any CPU
		{EC73B58A-028B-4523-8587-6AAA55503328}.Debug|Any CPU.ActiveCfg = Debug|Any CPU
		{EC73B58A-028B-4523-8587-6AAA55503328}.Debug|Any CPU.Build.0 = Debug|Any CPU
		{EC73B58A-028B-4523-8587-6AAA55503328}.Debug|x64.ActiveCfg = Debug|Any CPU
		{EC73B58A-028B-4523-8587-6AAA55503328}.Debug|x64.Build.0 = Debug|Any CPU
		{EC73B58A-028B-4523-8587-6AAA55503328}.Release|Any CPU.ActiveCfg = Release|Any CPU
		{EC73B58A-028B-4523-8587-6AAA55503328}.Release|Any CPU.Build.0 = Release|Any CPU
		{EC73B58A-028B-4523-8587-6AAA55503328}.Release|x64.ActiveCfg = Release|Any CPU
		{EC73B58A-028B-4523-8587-6AAA55503328}.Release|x64.Build.0 = Release|Any CPU
		{BF1E55D4-BA9B-49D2-9950-70CBECE17A81}.Debug|Any CPU.ActiveCfg = Debug|Any CPU
		{BF1E55D4-BA9B-49D2-9950-70CBECE17A81}.Debug|Any CPU.Build.0 = Debug|Any CPU
		{BF1E55D4-BA9B-49D2-9950-70CBECE17A81}.Debug|x64.ActiveCfg = Debug|Any CPU
		{BF1E55D4-BA9B-49D2-9950-70CBECE17A81}.Debug|x64.Build.0 = Debug|Any CPU
		{BF1E55D4-BA9B-49D2-9950-70CBECE17A81}.Release|Any CPU.ActiveCfg = Release|Any CPU
		{BF1E55D4-BA9B-49D2-9950-70CBECE17A81}.Release|Any CPU.Build.0 = Release|Any CPU
		{BF1E55D4-BA9B-49D2-9950-70CBECE17A81}.Release|x64.ActiveCfg = Release|Any CPU
		{BF1E55D4-BA9B-49D2-9950-70CBECE17A81}.Release|x64.Build.0 = Release|Any CPU
		{3B2FA128-F6DD-46E5-BFBC-7044784CDE7A}.Debug|Any CPU.ActiveCfg = Debug|Any CPU
		{3B2FA128-F6DD-46E5-BFBC-7044784CDE7A}.Debug|Any CPU.Build.0 = Debug|Any CPU
		{3B2FA128-F6DD-46E5-BFBC-7044784CDE7A}.Debug|x64.ActiveCfg = Debug|Any CPU
		{3B2FA128-F6DD-46E5-BFBC-7044784CDE7A}.Debug|x64.Build.0 = Debug|Any CPU
		{3B2FA128-F6DD-46E5-BFBC-7044784CDE7A}.Release|Any CPU.ActiveCfg = Release|Any CPU
		{3B2FA128-F6DD-46E5-BFBC-7044784CDE7A}.Release|Any CPU.Build.0 = Release|Any CPU
		{3B2FA128-F6DD-46E5-BFBC-7044784CDE7A}.Release|x64.ActiveCfg = Release|Any CPU
		{3B2FA128-F6DD-46E5-BFBC-7044784CDE7A}.Release|x64.Build.0 = Release|Any CPU
		{FC6CE75F-B41C-43E7-AAA9-5C07AE485CC1}.Debug|Any CPU.ActiveCfg = Debug|Any CPU
		{FC6CE75F-B41C-43E7-AAA9-5C07AE485CC1}.Debug|Any CPU.Build.0 = Debug|Any CPU
		{FC6CE75F-B41C-43E7-AAA9-5C07AE485CC1}.Debug|x64.ActiveCfg = Debug|Any CPU
		{FC6CE75F-B41C-43E7-AAA9-5C07AE485CC1}.Debug|x64.Build.0 = Debug|Any CPU
		{FC6CE75F-B41C-43E7-AAA9-5C07AE485CC1}.Release|Any CPU.ActiveCfg = Release|Any CPU
		{FC6CE75F-B41C-43E7-AAA9-5C07AE485CC1}.Release|Any CPU.Build.0 = Release|Any CPU
		{FC6CE75F-B41C-43E7-AAA9-5C07AE485CC1}.Release|x64.ActiveCfg = Release|Any CPU
		{FC6CE75F-B41C-43E7-AAA9-5C07AE485CC1}.Release|x64.Build.0 = Release|Any CPU
		{1A94A996-1713-4F51-B38F-1E2E17D9884A}.Debug|Any CPU.ActiveCfg = Debug|Any CPU
		{1A94A996-1713-4F51-B38F-1E2E17D9884A}.Debug|Any CPU.Build.0 = Debug|Any CPU
		{1A94A996-1713-4F51-B38F-1E2E17D9884A}.Debug|x64.ActiveCfg = Debug|Any CPU
		{1A94A996-1713-4F51-B38F-1E2E17D9884A}.Debug|x64.Build.0 = Debug|Any CPU
		{1A94A996-1713-4F51-B38F-1E2E17D9884A}.Release|Any CPU.ActiveCfg = Release|Any CPU
		{1A94A996-1713-4F51-B38F-1E2E17D9884A}.Release|Any CPU.Build.0 = Release|Any CPU
		{1A94A996-1713-4F51-B38F-1E2E17D9884A}.Release|x64.ActiveCfg = Release|Any CPU
		{1A94A996-1713-4F51-B38F-1E2E17D9884A}.Release|x64.Build.0 = Release|Any CPU
		{A563DD2C-3D0B-4926-963D-0E90096F8B37}.Debug|Any CPU.ActiveCfg = Debug|Any CPU
		{A563DD2C-3D0B-4926-963D-0E90096F8B37}.Debug|Any CPU.Build.0 = Debug|Any CPU
		{A563DD2C-3D0B-4926-963D-0E90096F8B37}.Debug|x64.ActiveCfg = Debug|Any CPU
		{A563DD2C-3D0B-4926-963D-0E90096F8B37}.Debug|x64.Build.0 = Debug|Any CPU
		{A563DD2C-3D0B-4926-963D-0E90096F8B37}.Release|Any CPU.ActiveCfg = Release|Any CPU
		{A563DD2C-3D0B-4926-963D-0E90096F8B37}.Release|Any CPU.Build.0 = Release|Any CPU
		{A563DD2C-3D0B-4926-963D-0E90096F8B37}.Release|x64.ActiveCfg = Release|Any CPU
		{A563DD2C-3D0B-4926-963D-0E90096F8B37}.Release|x64.Build.0 = Release|Any CPU
		{FC093F4C-7349-4F48-BB73-4A5740051C28}.Debug|Any CPU.ActiveCfg = Debug|Any CPU
		{FC093F4C-7349-4F48-BB73-4A5740051C28}.Debug|Any CPU.Build.0 = Debug|Any CPU
		{FC093F4C-7349-4F48-BB73-4A5740051C28}.Debug|x64.ActiveCfg = Debug|Any CPU
		{FC093F4C-7349-4F48-BB73-4A5740051C28}.Debug|x64.Build.0 = Debug|Any CPU
		{FC093F4C-7349-4F48-BB73-4A5740051C28}.Release|Any CPU.ActiveCfg = Release|Any CPU
		{FC093F4C-7349-4F48-BB73-4A5740051C28}.Release|Any CPU.Build.0 = Release|Any CPU
		{FC093F4C-7349-4F48-BB73-4A5740051C28}.Release|x64.ActiveCfg = Release|Any CPU
		{FC093F4C-7349-4F48-BB73-4A5740051C28}.Release|x64.Build.0 = Release|Any CPU
	EndGlobalSection
	GlobalSection(SolutionProperties) = preSolution
		HideSolutionNode = FALSE
	EndGlobalSection
	GlobalSection(NestedProjects) = preSolution
		{7FC33815-8889-448E-9AEC-097EF16D9039} = {FFBC27FB-BE6E-4844-9584-1EF6E7C0B147}
		{FC766B73-B41F-41F7-B470-412E021C1065} = {FFBC27FB-BE6E-4844-9584-1EF6E7C0B147}
		{C3641B87-FF1B-492F-9953-9441F59272D7} = {FFBC27FB-BE6E-4844-9584-1EF6E7C0B147}
		{2AE387A2-21DB-4FC7-B0E0-54EBAC72AD99} = {FFBC27FB-BE6E-4844-9584-1EF6E7C0B147}
		{51F38C9D-92B9-4D32-9271-B81146D47F06} = {5179A855-5642-4ADD-B092-BC4CB53FBA86}
		{920E2CC4-B7E6-40B6-9598-557764257802} = {FFBC27FB-BE6E-4844-9584-1EF6E7C0B147}
		{58E7EFD1-4570-4A5C-A768-E655FD2C94C2} = {1A37E3E1-61DE-4B82-B8B0-99469D7BE538}
		{19261CA2-2B38-47C6-914E-E5D9E6B3457F} = {A1AC0452-304E-434B-8AD0-C6AA104BC91B}
		{FFBC27FB-BE6E-4844-9584-1EF6E7C0B147} = {19261CA2-2B38-47C6-914E-E5D9E6B3457F}
		{978AD6D1-26FE-4D4E-A65E-B3A8E8D30A66} = {19261CA2-2B38-47C6-914E-E5D9E6B3457F}
		{710A47B1-C6C3-4BF2-B7DE-5B03130AC32A} = {978AD6D1-26FE-4D4E-A65E-B3A8E8D30A66}
		{EC73B58A-028B-4523-8587-6AAA55503328} = {978AD6D1-26FE-4D4E-A65E-B3A8E8D30A66}
		{BF1E55D4-BA9B-49D2-9950-70CBECE17A81} = {978AD6D1-26FE-4D4E-A65E-B3A8E8D30A66}
		{3B2FA128-F6DD-46E5-BFBC-7044784CDE7A} = {978AD6D1-26FE-4D4E-A65E-B3A8E8D30A66}
		{FC6CE75F-B41C-43E7-AAA9-5C07AE485CC1} = {978AD6D1-26FE-4D4E-A65E-B3A8E8D30A66}
		{1A94A996-1713-4F51-B38F-1E2E17D9884A} = {978AD6D1-26FE-4D4E-A65E-B3A8E8D30A66}
		{A563DD2C-3D0B-4926-963D-0E90096F8B37} = {978AD6D1-26FE-4D4E-A65E-B3A8E8D30A66}
		{5179A855-5642-4ADD-B092-BC4CB53FBA86} = {A1AC0452-304E-434B-8AD0-C6AA104BC91B}
		{1A37E3E1-61DE-4B82-B8B0-99469D7BE538} = {19261CA2-2B38-47C6-914E-E5D9E6B3457F}
		{44438BA4-F377-4953-8314-8437F6615B4E} = {A1AC0452-304E-434B-8AD0-C6AA104BC91B}
		{FC093F4C-7349-4F48-BB73-4A5740051C28} = {44438BA4-F377-4953-8314-8437F6615B4E}
	EndGlobalSection
	GlobalSection(ExtensibilityGlobals) = postSolution
		SolutionGuid = {C43B3A75-1385-43D0-9A60-8D8FC394F0B5}
	EndGlobalSection
EndGlobal
